
Microsoft Visual Studio Solution File, Format Version 12.00
# Visual Studio Version 17
VisualStudioVersion = 17.4.33213.308
MinimumVisualStudioVersion = 10.0.40219.1
Project("{FAE04EC0-301F-11D3-BF4B-00C04F79EFBC}") = "Client", "Client\Client.csproj", "{B97927D6-55D6-4EF6-97FC-7206055DE9A3}"
EndProject
Project("{FAE04EC0-301F-11D3-BF4B-00C04F79EFBC}") = "Server", "Server\Server.csproj", "{9F45C34B-AE64-4AE0-B4B5-C300054A7E6E}"
EndProject
Global
	GlobalSection(SolutionConfigurationPlatforms) = preSolution
		Debug|Any CPU = Debug|Any CPU
		Release|Any CPU = Release|Any CPU
	EndGlobalSection
	GlobalSection(ProjectConfigurationPlatforms) = postSolution
		{B97927D6-55D6-4EF6-97FC-7206055DE9A3}.Debug|Any CPU.ActiveCfg = Debug|Any CPU
		{B97927D6-55D6-4EF6-97FC-7206055DE9A3}.Debug|Any CPU.Build.0 = Debug|Any CPU
		{B97927D6-55D6-4EF6-97FC-7206055DE9A3}.Release|Any CPU.ActiveCfg = Release|Any CPU
		{B97927D6-55D6-4EF6-97FC-7206055DE9A3}.Release|Any CPU.Build.0 = Release|Any CPU
		{9F45C34B-AE64-4AE0-B4B5-C300054A7E6E}.Debug|Any CPU.ActiveCfg = Debug|Any CPU
		{9F45C34B-AE64-4AE0-B4B5-C300054A7E6E}.Debug|Any CPU.Build.0 = Debug|Any CPU
		{9F45C34B-AE64-4AE0-B4B5-C300054A7E6E}.Release|Any CPU.ActiveCfg = Release|Any CPU
		{9F45C34B-AE64-4AE0-B4B5-C300054A7E6E}.Release|Any CPU.Build.0 = Release|Any CPU
	EndGlobalSection
	GlobalSection(SolutionProperties) = preSolution
		HideSolutionNode = FALSE
	EndGlobalSection
	GlobalSection(ExtensibilityGlobals) = postSolution
		SolutionGuid = {01B6B55C-18D1-4724-8F5B-EF9B68977791}
	EndGlobalSection
EndGlobal
